# @generated by Move, please check-in and do not edit manually.

[move]
version = 3
manifest_digest = "6E3422005E687B410FF15437A8ACF5D5D7A5DF5AC22174DD8E0A2CD0D49E0F3E"
deps_digest = "F8BBB0CCB2491CA29A3DF03D6F92277A4F3574266507ACD77214D37ECA3F3082"
dependencies = [
  { id = "Sui", name = "Sui" },
]

[[move.package]]
id = "MoveStdlib"
source = { git = "https://github.com/MystenLabs/sui.git", rev = "framework/testnet", subdir = "crates/sui-framework/packages/move-stdlib" }

[[move.package]]
id = "Sui"
source = { git = "https://github.com/MystenLabs/sui.git", rev = "framework/testnet", subdir = "crates/sui-framework/packages/sui-framework" }

dependencies = [
  { id = "MoveStdlib", name = "MoveStdlib" },
]

[move.toolchain-version]
compiler-version = "1.46.1"
edition = "2024"
flavor = "sui"

[env]

[env.testnet]
chain-id = "4c78adac"
original-published-id = "0xee971f83a4e21e2e1c129d4ea7478451a161fe7efd96e76c576a4df04bda6f4e"
latest-published-id = "0xee971f83a4e21e2e1c129d4ea7478451a161fe7efd96e76c576a4df04bda6f4e"
published-version = "1"
